
Microsoft Visual Studio Solution File, Format Version 12.00
# Visual Studio Version 17
VisualStudioVersion = 17.8.34330.188
MinimumVisualStudioVersion = 10.0.40219.1
Project("{9A19103F-16F7-4668-BE54-9A1E7A4F7556}") = "KamuVeriAPI", "KamuVeriAPI.csproj", "{91655BF2-C38D-412F-BC98-9E7E913C8BA6}"
EndProject
Global
	GlobalSection(SolutionConfigurationPlatforms) = preSolution
		Debug|Any CPU = Debug|Any CPU
		Release|Any CPU = Release|Any CPU
	EndGlobalSection
	GlobalSection(ProjectConfigurationPlatforms) = postSolution
		{91655BF2-C38D-412F-BC98-9E7E913C8BA6}.Debug|Any CPU.ActiveCfg = Debug|Any CPU
		{91655BF2-C38D-412F-BC98-9E7E913C8BA6}.Debug|Any CPU.Build.0 = Debug|Any CPU
		{91655BF2-C38D-412F-BC98-9E7E913C8BA6}.Release|Any CPU.ActiveCfg = Release|Any CPU
		{91655BF2-C38D-412F-BC98-9E7E913C8BA6}.Release|Any CPU.Build.0 = Release|Any CPU
	EndGlobalSection
	GlobalSection(SolutionProperties) = preSolution
		HideSolutionNode = FALSE
	EndGlobalSection
	GlobalSection(ExtensibilityGlobals) = postSolution
		SolutionGuid = {B4E8D36C-A3DD-468D-9109-F14256477BAE}
	EndGlobalSection
EndGlobal
